
Microsoft Visual Studio Solution File, Format Version 12.00
# Visual Studio Version 17
VisualStudioVersion = 17.7.34024.191
MinimumVisualStudioVersion = 10.0.40219.1
Project("{FAE04EC0-301F-11D3-BF4B-00C04F79EFBC}") = "Coffee Maker WF", "Coffee Maker WF\Coffee Maker WF.csproj", "{D9B1278E-AC1B-46F0-B3CF-302E23FA459A}"
EndProject
Global
	GlobalSection(SolutionConfigurationPlatforms) = preSolution
		Debug|Any CPU = Debug|Any CPU
		Release|Any CPU = Release|Any CPU
	EndGlobalSection
	GlobalSection(ProjectConfigurationPlatforms) = postSolution
		{D9B1278E-AC1B-46F0-B3CF-302E23FA459A}.Debug|Any CPU.ActiveCfg = Debug|Any CPU
		{D9B1278E-AC1B-46F0-B3CF-302E23FA459A}.Debug|Any CPU.Build.0 = Debug|Any CPU
		{D9B1278E-AC1B-46F0-B3CF-302E23FA459A}.Release|Any CPU.ActiveCfg = Release|Any CPU
		{D9B1278E-AC1B-46F0-B3CF-302E23FA459A}.Release|Any CPU.Build.0 = Release|Any CPU
	EndGlobalSection
	GlobalSection(SolutionProperties) = preSolution
		HideSolutionNode = FALSE
	EndGlobalSection
	GlobalSection(ExtensibilityGlobals) = postSolution
		SolutionGuid = {CC35F83C-6438-49DC-A243-22631371442A}
	EndGlobalSection
EndGlobal
